
Microsoft Visual Studio Solution File, Format Version 12.00
# Visual Studio Version 16
VisualStudioVersion = 16.0.29209.62
MinimumVisualStudioVersion = 10.0.40219.1
Project("{8BC9CEB8-8B4A-11D0-8D11-00A0C91BC942}") = "31_Next_Permutation", "31_Next_Permutation\31_Next_Permutation.vcxproj", "{C6B821FE-E810-426F-A145-38DDCC2B0EB5}"
EndProject
Global
	GlobalSection(SolutionConfigurationPlatforms) = preSolution
		Debug|x64 = Debug|x64
		Debug|x86 = Debug|x86
		Release|x64 = Release|x64
		Release|x86 = Release|x86
	EndGlobalSection
	GlobalSection(ProjectConfigurationPlatforms) = postSolution
		{C6B821FE-E810-426F-A145-38DDCC2B0EB5}.Debug|x64.ActiveCfg = Debug|x64
		{C6B821FE-E810-426F-A145-38DDCC2B0EB5}.Debug|x64.Build.0 = Debug|x64
		{C6B821FE-E810-426F-A145-38DDCC2B0EB5}.Debug|x86.ActiveCfg = Debug|Win32
		{C6B821FE-E810-426F-A145-38DDCC2B0EB5}.Debug|x86.Build.0 = Debug|Win32
		{C6B821FE-E810-426F-A145-38DDCC2B0EB5}.Release|x64.ActiveCfg = Release|x64
		{C6B821FE-E810-426F-A145-38DDCC2B0EB5}.Release|x64.Build.0 = Release|x64
		{C6B821FE-E810-426F-A145-38DDCC2B0EB5}.Release|x86.ActiveCfg = Release|Win32
		{C6B821FE-E810-426F-A145-38DDCC2B0EB5}.Release|x86.Build.0 = Release|Win32
	EndGlobalSection
	GlobalSection(SolutionProperties) = preSolution
		HideSolutionNode = FALSE
	EndGlobalSection
	GlobalSection(ExtensibilityGlobals) = postSolution
		SolutionGuid = {DFA86CB4-4F58-4520-8D7A-73BAA81317BB}
	EndGlobalSection
EndGlobal
