
Microsoft Visual Studio Solution File, Format Version 12.00
# Visual Studio Version 16
VisualStudioVersion = 16.0.29306.81
MinimumVisualStudioVersion = 10.0.40219.1
Project("{8BC9CEB8-8B4A-11D0-8D11-00A0C91BC942}") = "64_Minimum_Path_Sum", "64_Minimum_Path_Sum\64_Minimum_Path_Sum.vcxproj", "{39955547-B5C2-44DD-8103-97D2D4A3CA0E}"
EndProject
Global
	GlobalSection(SolutionConfigurationPlatforms) = preSolution
		Debug|x64 = Debug|x64
		Debug|x86 = Debug|x86
		Release|x64 = Release|x64
		Release|x86 = Release|x86
	EndGlobalSection
	GlobalSection(ProjectConfigurationPlatforms) = postSolution
		{39955547-B5C2-44DD-8103-97D2D4A3CA0E}.Debug|x64.ActiveCfg = Debug|x64
		{39955547-B5C2-44DD-8103-97D2D4A3CA0E}.Debug|x64.Build.0 = Debug|x64
		{39955547-B5C2-44DD-8103-97D2D4A3CA0E}.Debug|x86.ActiveCfg = Debug|Win32
		{39955547-B5C2-44DD-8103-97D2D4A3CA0E}.Debug|x86.Build.0 = Debug|Win32
		{39955547-B5C2-44DD-8103-97D2D4A3CA0E}.Release|x64.ActiveCfg = Release|x64
		{39955547-B5C2-44DD-8103-97D2D4A3CA0E}.Release|x64.Build.0 = Release|x64
		{39955547-B5C2-44DD-8103-97D2D4A3CA0E}.Release|x86.ActiveCfg = Release|Win32
		{39955547-B5C2-44DD-8103-97D2D4A3CA0E}.Release|x86.Build.0 = Release|Win32
	EndGlobalSection
	GlobalSection(SolutionProperties) = preSolution
		HideSolutionNode = FALSE
	EndGlobalSection
	GlobalSection(ExtensibilityGlobals) = postSolution
		SolutionGuid = {F45ACC1B-795A-4AEF-9B57-E87B4B47DB61}
	EndGlobalSection
EndGlobal
