
Microsoft Visual Studio Solution File, Format Version 12.00
# Visual Studio Version 16
VisualStudioVersion = 16.0.29609.76
MinimumVisualStudioVersion = 10.0.40219.1
Project("{8BC9CEB8-8B4A-11D0-8D11-00A0C91BC942}") = "216_Combination_Sum_III", "216_Combination_Sum_III\216_Combination_Sum_III.vcxproj", "{F027507F-54BA-4970-BBE0-204F4635AEA2}"
EndProject
Global
	GlobalSection(SolutionConfigurationPlatforms) = preSolution
		Debug|x64 = Debug|x64
		Debug|x86 = Debug|x86
		Release|x64 = Release|x64
		Release|x86 = Release|x86
	EndGlobalSection
	GlobalSection(ProjectConfigurationPlatforms) = postSolution
		{F027507F-54BA-4970-BBE0-204F4635AEA2}.Debug|x64.ActiveCfg = Debug|x64
		{F027507F-54BA-4970-BBE0-204F4635AEA2}.Debug|x64.Build.0 = Debug|x64
		{F027507F-54BA-4970-BBE0-204F4635AEA2}.Debug|x86.ActiveCfg = Debug|Win32
		{F027507F-54BA-4970-BBE0-204F4635AEA2}.Debug|x86.Build.0 = Debug|Win32
		{F027507F-54BA-4970-BBE0-204F4635AEA2}.Release|x64.ActiveCfg = Release|x64
		{F027507F-54BA-4970-BBE0-204F4635AEA2}.Release|x64.Build.0 = Release|x64
		{F027507F-54BA-4970-BBE0-204F4635AEA2}.Release|x86.ActiveCfg = Release|Win32
		{F027507F-54BA-4970-BBE0-204F4635AEA2}.Release|x86.Build.0 = Release|Win32
	EndGlobalSection
	GlobalSection(SolutionProperties) = preSolution
		HideSolutionNode = FALSE
	EndGlobalSection
	GlobalSection(ExtensibilityGlobals) = postSolution
		SolutionGuid = {1C7EA946-EB4B-4D44-92FE-25E47C849BA4}
	EndGlobalSection
EndGlobal
