
Microsoft Visual Studio Solution File, Format Version 12.00
# Visual Studio Version 16
VisualStudioVersion = 16.0.29411.108
MinimumVisualStudioVersion = 10.0.40219.1
Project("{8BC9CEB8-8B4A-11D0-8D11-00A0C91BC942}") = "143_Reorder_List", "143_Reorder_List\143_Reorder_List.vcxproj", "{70374AB3-FC99-4823-A122-F4E04D12AC35}"
EndProject
Global
	GlobalSection(SolutionConfigurationPlatforms) = preSolution
		Debug|x64 = Debug|x64
		Debug|x86 = Debug|x86
		Release|x64 = Release|x64
		Release|x86 = Release|x86
	EndGlobalSection
	GlobalSection(ProjectConfigurationPlatforms) = postSolution
		{70374AB3-FC99-4823-A122-F4E04D12AC35}.Debug|x64.ActiveCfg = Debug|x64
		{70374AB3-FC99-4823-A122-F4E04D12AC35}.Debug|x64.Build.0 = Debug|x64
		{70374AB3-FC99-4823-A122-F4E04D12AC35}.Debug|x86.ActiveCfg = Debug|Win32
		{70374AB3-FC99-4823-A122-F4E04D12AC35}.Debug|x86.Build.0 = Debug|Win32
		{70374AB3-FC99-4823-A122-F4E04D12AC35}.Release|x64.ActiveCfg = Release|x64
		{70374AB3-FC99-4823-A122-F4E04D12AC35}.Release|x64.Build.0 = Release|x64
		{70374AB3-FC99-4823-A122-F4E04D12AC35}.Release|x86.ActiveCfg = Release|Win32
		{70374AB3-FC99-4823-A122-F4E04D12AC35}.Release|x86.Build.0 = Release|Win32
	EndGlobalSection
	GlobalSection(SolutionProperties) = preSolution
		HideSolutionNode = FALSE
	EndGlobalSection
	GlobalSection(ExtensibilityGlobals) = postSolution
		SolutionGuid = {EDB972DE-B0AC-4902-ADCA-615AF2FC2F1C}
	EndGlobalSection
EndGlobal
