
Microsoft Visual Studio Solution File, Format Version 12.00
# Visual Studio Version 16
VisualStudioVersion = 16.0.28803.352
MinimumVisualStudioVersion = 10.0.40219.1
Project("{8BC9CEB8-8B4A-11D0-8D11-00A0C91BC942}") = "138_Copy_List_with_Random_Pointer", "138_Copy_List_with_Random_Pointer\138_Copy_List_with_Random_Pointer.vcxproj", "{06E68859-9E55-4953-875A-48E6CB880DD3}"
EndProject
Global
	GlobalSection(SolutionConfigurationPlatforms) = preSolution
		Debug|x64 = Debug|x64
		Debug|x86 = Debug|x86
		Release|x64 = Release|x64
		Release|x86 = Release|x86
	EndGlobalSection
	GlobalSection(ProjectConfigurationPlatforms) = postSolution
		{06E68859-9E55-4953-875A-48E6CB880DD3}.Debug|x64.ActiveCfg = Debug|x64
		{06E68859-9E55-4953-875A-48E6CB880DD3}.Debug|x64.Build.0 = Debug|x64
		{06E68859-9E55-4953-875A-48E6CB880DD3}.Debug|x86.ActiveCfg = Debug|Win32
		{06E68859-9E55-4953-875A-48E6CB880DD3}.Debug|x86.Build.0 = Debug|Win32
		{06E68859-9E55-4953-875A-48E6CB880DD3}.Release|x64.ActiveCfg = Release|x64
		{06E68859-9E55-4953-875A-48E6CB880DD3}.Release|x64.Build.0 = Release|x64
		{06E68859-9E55-4953-875A-48E6CB880DD3}.Release|x86.ActiveCfg = Release|Win32
		{06E68859-9E55-4953-875A-48E6CB880DD3}.Release|x86.Build.0 = Release|Win32
	EndGlobalSection
	GlobalSection(SolutionProperties) = preSolution
		HideSolutionNode = FALSE
	EndGlobalSection
	GlobalSection(ExtensibilityGlobals) = postSolution
		SolutionGuid = {3FC2665C-2019-4D5B-B812-495CB636FD51}
	EndGlobalSection
EndGlobal
