
Microsoft Visual Studio Solution File, Format Version 12.00
# Visual Studio Version 16
VisualStudioVersion = 16.0.29306.81
MinimumVisualStudioVersion = 10.0.40219.1
Project("{8BC9CEB8-8B4A-11D0-8D11-00A0C91BC942}") = "109_Convert_Sorted_List_to_Binary_Search_Tree", "109_Convert_Sorted_List_to_Binary_Search_Tree\109_Convert_Sorted_List_to_Binary_Search_Tree.vcxproj", "{AD6294B5-A53D-4625-8FDB-28BFF4E4C1AE}"
EndProject
Global
	GlobalSection(SolutionConfigurationPlatforms) = preSolution
		Debug|x64 = Debug|x64
		Debug|x86 = Debug|x86
		Release|x64 = Release|x64
		Release|x86 = Release|x86
	EndGlobalSection
	GlobalSection(ProjectConfigurationPlatforms) = postSolution
		{AD6294B5-A53D-4625-8FDB-28BFF4E4C1AE}.Debug|x64.ActiveCfg = Debug|x64
		{AD6294B5-A53D-4625-8FDB-28BFF4E4C1AE}.Debug|x64.Build.0 = Debug|x64
		{AD6294B5-A53D-4625-8FDB-28BFF4E4C1AE}.Debug|x86.ActiveCfg = Debug|Win32
		{AD6294B5-A53D-4625-8FDB-28BFF4E4C1AE}.Debug|x86.Build.0 = Debug|Win32
		{AD6294B5-A53D-4625-8FDB-28BFF4E4C1AE}.Release|x64.ActiveCfg = Release|x64
		{AD6294B5-A53D-4625-8FDB-28BFF4E4C1AE}.Release|x64.Build.0 = Release|x64
		{AD6294B5-A53D-4625-8FDB-28BFF4E4C1AE}.Release|x86.ActiveCfg = Release|Win32
		{AD6294B5-A53D-4625-8FDB-28BFF4E4C1AE}.Release|x86.Build.0 = Release|Win32
	EndGlobalSection
	GlobalSection(SolutionProperties) = preSolution
		HideSolutionNode = FALSE
	EndGlobalSection
	GlobalSection(ExtensibilityGlobals) = postSolution
		SolutionGuid = {70585BBF-BE05-4B37-9F50-02B39C903008}
	EndGlobalSection
EndGlobal
