
Microsoft Visual Studio Solution File, Format Version 12.00
# Visual Studio Version 16
VisualStudioVersion = 16.0.29306.81
MinimumVisualStudioVersion = 10.0.40219.1
Project("{8BC9CEB8-8B4A-11D0-8D11-00A0C91BC942}") = "127_Word_Ladder", "127_Word_Ladder\127_Word_Ladder.vcxproj", "{5887B505-2165-410B-8B49-133BC616432F}"
EndProject
Global
	GlobalSection(SolutionConfigurationPlatforms) = preSolution
		Debug|x64 = Debug|x64
		Debug|x86 = Debug|x86
		Release|x64 = Release|x64
		Release|x86 = Release|x86
	EndGlobalSection
	GlobalSection(ProjectConfigurationPlatforms) = postSolution
		{5887B505-2165-410B-8B49-133BC616432F}.Debug|x64.ActiveCfg = Debug|x64
		{5887B505-2165-410B-8B49-133BC616432F}.Debug|x64.Build.0 = Debug|x64
		{5887B505-2165-410B-8B49-133BC616432F}.Debug|x86.ActiveCfg = Debug|Win32
		{5887B505-2165-410B-8B49-133BC616432F}.Debug|x86.Build.0 = Debug|Win32
		{5887B505-2165-410B-8B49-133BC616432F}.Release|x64.ActiveCfg = Release|x64
		{5887B505-2165-410B-8B49-133BC616432F}.Release|x64.Build.0 = Release|x64
		{5887B505-2165-410B-8B49-133BC616432F}.Release|x86.ActiveCfg = Release|Win32
		{5887B505-2165-410B-8B49-133BC616432F}.Release|x86.Build.0 = Release|Win32
	EndGlobalSection
	GlobalSection(SolutionProperties) = preSolution
		HideSolutionNode = FALSE
	EndGlobalSection
	GlobalSection(ExtensibilityGlobals) = postSolution
		SolutionGuid = {6873CCBC-A56B-4668-8406-397C9FE54970}
	EndGlobalSection
EndGlobal
