
Microsoft Visual Studio Solution File, Format Version 12.00
# Visual Studio Version 16
VisualStudioVersion = 16.0.29209.62
MinimumVisualStudioVersion = 10.0.40219.1
Project("{8BC9CEB8-8B4A-11D0-8D11-00A0C91BC942}") = "231_Power_of_Two", "231_Power_of_Two\231_Power_of_Two.vcxproj", "{211AA469-D474-4093-8B8A-E49A0B502ED7}"
EndProject
Global
	GlobalSection(SolutionConfigurationPlatforms) = preSolution
		Debug|x64 = Debug|x64
		Debug|x86 = Debug|x86
		Release|x64 = Release|x64
		Release|x86 = Release|x86
	EndGlobalSection
	GlobalSection(ProjectConfigurationPlatforms) = postSolution
		{211AA469-D474-4093-8B8A-E49A0B502ED7}.Debug|x64.ActiveCfg = Debug|x64
		{211AA469-D474-4093-8B8A-E49A0B502ED7}.Debug|x64.Build.0 = Debug|x64
		{211AA469-D474-4093-8B8A-E49A0B502ED7}.Debug|x86.ActiveCfg = Debug|Win32
		{211AA469-D474-4093-8B8A-E49A0B502ED7}.Debug|x86.Build.0 = Debug|Win32
		{211AA469-D474-4093-8B8A-E49A0B502ED7}.Release|x64.ActiveCfg = Release|x64
		{211AA469-D474-4093-8B8A-E49A0B502ED7}.Release|x64.Build.0 = Release|x64
		{211AA469-D474-4093-8B8A-E49A0B502ED7}.Release|x86.ActiveCfg = Release|Win32
		{211AA469-D474-4093-8B8A-E49A0B502ED7}.Release|x86.Build.0 = Release|Win32
	EndGlobalSection
	GlobalSection(SolutionProperties) = preSolution
		HideSolutionNode = FALSE
	EndGlobalSection
	GlobalSection(ExtensibilityGlobals) = postSolution
		SolutionGuid = {B30A8991-92F4-452F-8746-F35685BB60CD}
	EndGlobalSection
EndGlobal
