
Microsoft Visual Studio Solution File, Format Version 12.00
# Visual Studio Version 16
VisualStudioVersion = 16.0.29209.62
MinimumVisualStudioVersion = 10.0.40219.1
Project("{8BC9CEB8-8B4A-11D0-8D11-00A0C91BC942}") = "118_Pascal's_Triangle", "118_Pascal's_Triangle\118_Pascal's_Triangle.vcxproj", "{48A8B2FC-C52D-4968-861A-4F0D4210D8E1}"
EndProject
Global
	GlobalSection(SolutionConfigurationPlatforms) = preSolution
		Debug|x64 = Debug|x64
		Debug|x86 = Debug|x86
		Release|x64 = Release|x64
		Release|x86 = Release|x86
	EndGlobalSection
	GlobalSection(ProjectConfigurationPlatforms) = postSolution
		{48A8B2FC-C52D-4968-861A-4F0D4210D8E1}.Debug|x64.ActiveCfg = Debug|x64
		{48A8B2FC-C52D-4968-861A-4F0D4210D8E1}.Debug|x64.Build.0 = Debug|x64
		{48A8B2FC-C52D-4968-861A-4F0D4210D8E1}.Debug|x86.ActiveCfg = Debug|Win32
		{48A8B2FC-C52D-4968-861A-4F0D4210D8E1}.Debug|x86.Build.0 = Debug|Win32
		{48A8B2FC-C52D-4968-861A-4F0D4210D8E1}.Release|x64.ActiveCfg = Release|x64
		{48A8B2FC-C52D-4968-861A-4F0D4210D8E1}.Release|x64.Build.0 = Release|x64
		{48A8B2FC-C52D-4968-861A-4F0D4210D8E1}.Release|x86.ActiveCfg = Release|Win32
		{48A8B2FC-C52D-4968-861A-4F0D4210D8E1}.Release|x86.Build.0 = Release|Win32
	EndGlobalSection
	GlobalSection(SolutionProperties) = preSolution
		HideSolutionNode = FALSE
	EndGlobalSection
	GlobalSection(ExtensibilityGlobals) = postSolution
		SolutionGuid = {9DD290DF-B5FB-4D55-8462-8D55A8CD20AA}
	EndGlobalSection
EndGlobal
