
Microsoft Visual Studio Solution File, Format Version 12.00
# Visual Studio Version 16
VisualStudioVersion = 16.0.29306.81
MinimumVisualStudioVersion = 10.0.40219.1
Project("{8BC9CEB8-8B4A-11D0-8D11-00A0C91BC942}") = "82_Remove_Duplicates_from_Sorted_List_II", "82_Remove_Duplicates_from_Sorted_List_II\82_Remove_Duplicates_from_Sorted_List_II.vcxproj", "{E4154A07-0ABC-410A-B329-80CAFD19F9FB}"
EndProject
Global
	GlobalSection(SolutionConfigurationPlatforms) = preSolution
		Debug|x64 = Debug|x64
		Debug|x86 = Debug|x86
		Release|x64 = Release|x64
		Release|x86 = Release|x86
	EndGlobalSection
	GlobalSection(ProjectConfigurationPlatforms) = postSolution
		{E4154A07-0ABC-410A-B329-80CAFD19F9FB}.Debug|x64.ActiveCfg = Debug|x64
		{E4154A07-0ABC-410A-B329-80CAFD19F9FB}.Debug|x64.Build.0 = Debug|x64
		{E4154A07-0ABC-410A-B329-80CAFD19F9FB}.Debug|x86.ActiveCfg = Debug|Win32
		{E4154A07-0ABC-410A-B329-80CAFD19F9FB}.Debug|x86.Build.0 = Debug|Win32
		{E4154A07-0ABC-410A-B329-80CAFD19F9FB}.Release|x64.ActiveCfg = Release|x64
		{E4154A07-0ABC-410A-B329-80CAFD19F9FB}.Release|x64.Build.0 = Release|x64
		{E4154A07-0ABC-410A-B329-80CAFD19F9FB}.Release|x86.ActiveCfg = Release|Win32
		{E4154A07-0ABC-410A-B329-80CAFD19F9FB}.Release|x86.Build.0 = Release|Win32
	EndGlobalSection
	GlobalSection(SolutionProperties) = preSolution
		HideSolutionNode = FALSE
	EndGlobalSection
	GlobalSection(ExtensibilityGlobals) = postSolution
		SolutionGuid = {182894D1-28F5-4705-B015-D8E10A19EA40}
	EndGlobalSection
EndGlobal
