
Microsoft Visual Studio Solution File, Format Version 12.00
# Visual Studio Version 16
VisualStudioVersion = 16.0.28803.352
MinimumVisualStudioVersion = 10.0.40219.1
Project("{8BC9CEB8-8B4A-11D0-8D11-00A0C91BC942}") = "95_Unique_Binary_Search_Trees_II", "95_Unique_Binary_Search_Trees_II\95_Unique_Binary_Search_Trees_II.vcxproj", "{DFB2E124-9948-4AA0-BCB6-17EB151320E6}"
EndProject
Global
	GlobalSection(SolutionConfigurationPlatforms) = preSolution
		Debug|x64 = Debug|x64
		Debug|x86 = Debug|x86
		Release|x64 = Release|x64
		Release|x86 = Release|x86
	EndGlobalSection
	GlobalSection(ProjectConfigurationPlatforms) = postSolution
		{DFB2E124-9948-4AA0-BCB6-17EB151320E6}.Debug|x64.ActiveCfg = Debug|x64
		{DFB2E124-9948-4AA0-BCB6-17EB151320E6}.Debug|x64.Build.0 = Debug|x64
		{DFB2E124-9948-4AA0-BCB6-17EB151320E6}.Debug|x86.ActiveCfg = Debug|Win32
		{DFB2E124-9948-4AA0-BCB6-17EB151320E6}.Debug|x86.Build.0 = Debug|Win32
		{DFB2E124-9948-4AA0-BCB6-17EB151320E6}.Release|x64.ActiveCfg = Release|x64
		{DFB2E124-9948-4AA0-BCB6-17EB151320E6}.Release|x64.Build.0 = Release|x64
		{DFB2E124-9948-4AA0-BCB6-17EB151320E6}.Release|x86.ActiveCfg = Release|Win32
		{DFB2E124-9948-4AA0-BCB6-17EB151320E6}.Release|x86.Build.0 = Release|Win32
	EndGlobalSection
	GlobalSection(SolutionProperties) = preSolution
		HideSolutionNode = FALSE
	EndGlobalSection
	GlobalSection(ExtensibilityGlobals) = postSolution
		SolutionGuid = {3EDC1719-2E66-443F-891D-52839B5C55B8}
	EndGlobalSection
EndGlobal
