
Microsoft Visual Studio Solution File, Format Version 12.00
# Visual Studio Version 16
VisualStudioVersion = 16.0.29209.62
MinimumVisualStudioVersion = 10.0.40219.1
Project("{8BC9CEB8-8B4A-11D0-8D11-00A0C91BC942}") = "17_Letter_Combinations_of_a_Phone_Number", "17_Letter_Combinations_of_a_Phone_Number\17_Letter_Combinations_of_a_Phone_Number.vcxproj", "{6DCAA278-5D9E-4E31-9A57-F7CC02DDC7A7}"
EndProject
Global
	GlobalSection(SolutionConfigurationPlatforms) = preSolution
		Debug|x64 = Debug|x64
		Debug|x86 = Debug|x86
		Release|x64 = Release|x64
		Release|x86 = Release|x86
	EndGlobalSection
	GlobalSection(ProjectConfigurationPlatforms) = postSolution
		{6DCAA278-5D9E-4E31-9A57-F7CC02DDC7A7}.Debug|x64.ActiveCfg = Debug|x64
		{6DCAA278-5D9E-4E31-9A57-F7CC02DDC7A7}.Debug|x64.Build.0 = Debug|x64
		{6DCAA278-5D9E-4E31-9A57-F7CC02DDC7A7}.Debug|x86.ActiveCfg = Debug|Win32
		{6DCAA278-5D9E-4E31-9A57-F7CC02DDC7A7}.Debug|x86.Build.0 = Debug|Win32
		{6DCAA278-5D9E-4E31-9A57-F7CC02DDC7A7}.Release|x64.ActiveCfg = Release|x64
		{6DCAA278-5D9E-4E31-9A57-F7CC02DDC7A7}.Release|x64.Build.0 = Release|x64
		{6DCAA278-5D9E-4E31-9A57-F7CC02DDC7A7}.Release|x86.ActiveCfg = Release|Win32
		{6DCAA278-5D9E-4E31-9A57-F7CC02DDC7A7}.Release|x86.Build.0 = Release|Win32
	EndGlobalSection
	GlobalSection(SolutionProperties) = preSolution
		HideSolutionNode = FALSE
	EndGlobalSection
	GlobalSection(ExtensibilityGlobals) = postSolution
		SolutionGuid = {67E127A2-509D-437F-99E3-A70B377F262A}
	EndGlobalSection
EndGlobal
