
Microsoft Visual Studio Solution File, Format Version 12.00
# Visual Studio Version 16
VisualStudioVersion = 16.0.29411.108
MinimumVisualStudioVersion = 10.0.40219.1
Project("{8BC9CEB8-8B4A-11D0-8D11-00A0C91BC942}") = "152_Maximum_Product_Subarray", "152_Maximum_Product_Subarray\152_Maximum_Product_Subarray.vcxproj", "{91523504-3F56-4BDC-8589-397B56519405}"
EndProject
Global
	GlobalSection(SolutionConfigurationPlatforms) = preSolution
		Debug|x64 = Debug|x64
		Debug|x86 = Debug|x86
		Release|x64 = Release|x64
		Release|x86 = Release|x86
	EndGlobalSection
	GlobalSection(ProjectConfigurationPlatforms) = postSolution
		{91523504-3F56-4BDC-8589-397B56519405}.Debug|x64.ActiveCfg = Debug|x64
		{91523504-3F56-4BDC-8589-397B56519405}.Debug|x64.Build.0 = Debug|x64
		{91523504-3F56-4BDC-8589-397B56519405}.Debug|x86.ActiveCfg = Debug|Win32
		{91523504-3F56-4BDC-8589-397B56519405}.Debug|x86.Build.0 = Debug|Win32
		{91523504-3F56-4BDC-8589-397B56519405}.Release|x64.ActiveCfg = Release|x64
		{91523504-3F56-4BDC-8589-397B56519405}.Release|x64.Build.0 = Release|x64
		{91523504-3F56-4BDC-8589-397B56519405}.Release|x86.ActiveCfg = Release|Win32
		{91523504-3F56-4BDC-8589-397B56519405}.Release|x86.Build.0 = Release|Win32
	EndGlobalSection
	GlobalSection(SolutionProperties) = preSolution
		HideSolutionNode = FALSE
	EndGlobalSection
	GlobalSection(ExtensibilityGlobals) = postSolution
		SolutionGuid = {88D9EC13-9A33-4988-92A0-324E83E44307}
	EndGlobalSection
EndGlobal
