
Microsoft Visual Studio Solution File, Format Version 12.00
# Visual Studio Version 16
VisualStudioVersion = 16.0.28803.352
MinimumVisualStudioVersion = 10.0.40219.1
Project("{8BC9CEB8-8B4A-11D0-8D11-00A0C91BC942}") = "121_Best_Time_to_Buy_and_Sell_Stock", "121_Best_Time_to_Buy_and_Sell_Stock\121_Best_Time_to_Buy_and_Sell_Stock.vcxproj", "{F1258C8A-6FC9-486B-A689-E1A606CA7625}"
EndProject
Global
	GlobalSection(SolutionConfigurationPlatforms) = preSolution
		Debug|x64 = Debug|x64
		Debug|x86 = Debug|x86
		Release|x64 = Release|x64
		Release|x86 = Release|x86
	EndGlobalSection
	GlobalSection(ProjectConfigurationPlatforms) = postSolution
		{F1258C8A-6FC9-486B-A689-E1A606CA7625}.Debug|x64.ActiveCfg = Debug|x64
		{F1258C8A-6FC9-486B-A689-E1A606CA7625}.Debug|x64.Build.0 = Debug|x64
		{F1258C8A-6FC9-486B-A689-E1A606CA7625}.Debug|x86.ActiveCfg = Debug|Win32
		{F1258C8A-6FC9-486B-A689-E1A606CA7625}.Debug|x86.Build.0 = Debug|Win32
		{F1258C8A-6FC9-486B-A689-E1A606CA7625}.Release|x64.ActiveCfg = Release|x64
		{F1258C8A-6FC9-486B-A689-E1A606CA7625}.Release|x64.Build.0 = Release|x64
		{F1258C8A-6FC9-486B-A689-E1A606CA7625}.Release|x86.ActiveCfg = Release|Win32
		{F1258C8A-6FC9-486B-A689-E1A606CA7625}.Release|x86.Build.0 = Release|Win32
	EndGlobalSection
	GlobalSection(SolutionProperties) = preSolution
		HideSolutionNode = FALSE
	EndGlobalSection
	GlobalSection(ExtensibilityGlobals) = postSolution
		SolutionGuid = {75069AD8-9F68-4BA2-81FA-8AD21E9BCBD5}
	EndGlobalSection
EndGlobal
