
Microsoft Visual Studio Solution File, Format Version 12.00
# Visual Studio Version 16
VisualStudioVersion = 16.0.29209.62
MinimumVisualStudioVersion = 10.0.40219.1
Project("{8BC9CEB8-8B4A-11D0-8D11-00A0C91BC942}") = "237_Delete_Node_in_a_Linked_List", "237_Delete_Node_in_a_Linked_List\237_Delete_Node_in_a_Linked_List.vcxproj", "{D5220819-FCEF-49D6-B3F6-D15866FF2D72}"
EndProject
Global
	GlobalSection(SolutionConfigurationPlatforms) = preSolution
		Debug|x64 = Debug|x64
		Debug|x86 = Debug|x86
		Release|x64 = Release|x64
		Release|x86 = Release|x86
	EndGlobalSection
	GlobalSection(ProjectConfigurationPlatforms) = postSolution
		{D5220819-FCEF-49D6-B3F6-D15866FF2D72}.Debug|x64.ActiveCfg = Debug|x64
		{D5220819-FCEF-49D6-B3F6-D15866FF2D72}.Debug|x64.Build.0 = Debug|x64
		{D5220819-FCEF-49D6-B3F6-D15866FF2D72}.Debug|x86.ActiveCfg = Debug|Win32
		{D5220819-FCEF-49D6-B3F6-D15866FF2D72}.Debug|x86.Build.0 = Debug|Win32
		{D5220819-FCEF-49D6-B3F6-D15866FF2D72}.Release|x64.ActiveCfg = Release|x64
		{D5220819-FCEF-49D6-B3F6-D15866FF2D72}.Release|x64.Build.0 = Release|x64
		{D5220819-FCEF-49D6-B3F6-D15866FF2D72}.Release|x86.ActiveCfg = Release|Win32
		{D5220819-FCEF-49D6-B3F6-D15866FF2D72}.Release|x86.Build.0 = Release|Win32
	EndGlobalSection
	GlobalSection(SolutionProperties) = preSolution
		HideSolutionNode = FALSE
	EndGlobalSection
	GlobalSection(ExtensibilityGlobals) = postSolution
		SolutionGuid = {1D5859EB-20DF-4F83-A354-C66196DAEAC6}
	EndGlobalSection
EndGlobal
