
Microsoft Visual Studio Solution File, Format Version 12.00
# Visual Studio Version 16
VisualStudioVersion = 16.0.29209.62
MinimumVisualStudioVersion = 10.0.40219.1
Project("{8BC9CEB8-8B4A-11D0-8D11-00A0C91BC942}") = "21_Merge_Two_Sorted_Lists", "21_Merge_Two_Sorted_Lists\21_Merge_Two_Sorted_Lists.vcxproj", "{BE28D043-95BE-484B-B08B-7E30CBEC1518}"
EndProject
Global
	GlobalSection(SolutionConfigurationPlatforms) = preSolution
		Debug|x64 = Debug|x64
		Debug|x86 = Debug|x86
		Release|x64 = Release|x64
		Release|x86 = Release|x86
	EndGlobalSection
	GlobalSection(ProjectConfigurationPlatforms) = postSolution
		{BE28D043-95BE-484B-B08B-7E30CBEC1518}.Debug|x64.ActiveCfg = Debug|x64
		{BE28D043-95BE-484B-B08B-7E30CBEC1518}.Debug|x64.Build.0 = Debug|x64
		{BE28D043-95BE-484B-B08B-7E30CBEC1518}.Debug|x86.ActiveCfg = Debug|Win32
		{BE28D043-95BE-484B-B08B-7E30CBEC1518}.Debug|x86.Build.0 = Debug|Win32
		{BE28D043-95BE-484B-B08B-7E30CBEC1518}.Release|x64.ActiveCfg = Release|x64
		{BE28D043-95BE-484B-B08B-7E30CBEC1518}.Release|x64.Build.0 = Release|x64
		{BE28D043-95BE-484B-B08B-7E30CBEC1518}.Release|x86.ActiveCfg = Release|Win32
		{BE28D043-95BE-484B-B08B-7E30CBEC1518}.Release|x86.Build.0 = Release|Win32
	EndGlobalSection
	GlobalSection(SolutionProperties) = preSolution
		HideSolutionNode = FALSE
	EndGlobalSection
	GlobalSection(ExtensibilityGlobals) = postSolution
		SolutionGuid = {E390B31F-31A3-4B62-9D76-7347B9BB8BE1}
	EndGlobalSection
EndGlobal
