
Microsoft Visual Studio Solution File, Format Version 12.00
# Visual Studio Version 16
VisualStudioVersion = 16.0.29411.108
MinimumVisualStudioVersion = 10.0.40219.1
Project("{8BC9CEB8-8B4A-11D0-8D11-00A0C91BC942}") = "153_Find_Minimum_in_Rotated_Sorted_Array", "153_Find_Minimum_in_Rotated_Sorted_Array\153_Find_Minimum_in_Rotated_Sorted_Array.vcxproj", "{F70A4905-865D-4724-8ADE-EF4F7F74DFC3}"
EndProject
Global
	GlobalSection(SolutionConfigurationPlatforms) = preSolution
		Debug|x64 = Debug|x64
		Debug|x86 = Debug|x86
		Release|x64 = Release|x64
		Release|x86 = Release|x86
	EndGlobalSection
	GlobalSection(ProjectConfigurationPlatforms) = postSolution
		{F70A4905-865D-4724-8ADE-EF4F7F74DFC3}.Debug|x64.ActiveCfg = Debug|x64
		{F70A4905-865D-4724-8ADE-EF4F7F74DFC3}.Debug|x64.Build.0 = Debug|x64
		{F70A4905-865D-4724-8ADE-EF4F7F74DFC3}.Debug|x86.ActiveCfg = Debug|Win32
		{F70A4905-865D-4724-8ADE-EF4F7F74DFC3}.Debug|x86.Build.0 = Debug|Win32
		{F70A4905-865D-4724-8ADE-EF4F7F74DFC3}.Release|x64.ActiveCfg = Release|x64
		{F70A4905-865D-4724-8ADE-EF4F7F74DFC3}.Release|x64.Build.0 = Release|x64
		{F70A4905-865D-4724-8ADE-EF4F7F74DFC3}.Release|x86.ActiveCfg = Release|Win32
		{F70A4905-865D-4724-8ADE-EF4F7F74DFC3}.Release|x86.Build.0 = Release|Win32
	EndGlobalSection
	GlobalSection(SolutionProperties) = preSolution
		HideSolutionNode = FALSE
	EndGlobalSection
	GlobalSection(ExtensibilityGlobals) = postSolution
		SolutionGuid = {05476F04-48CB-4C64-BE47-AD2620760659}
	EndGlobalSection
EndGlobal
