
Microsoft Visual Studio Solution File, Format Version 12.00
# Visual Studio Version 16
VisualStudioVersion = 16.0.29609.76
MinimumVisualStudioVersion = 10.0.40219.1
Project("{8BC9CEB8-8B4A-11D0-8D11-00A0C91BC942}") = "238_Product_of_Array_Except_Self", "238_Product_of_Array_Except_Self\238_Product_of_Array_Except_Self.vcxproj", "{AA03B77E-BA63-4D1B-8EA0-5F95F2BB524A}"
EndProject
Global
	GlobalSection(SolutionConfigurationPlatforms) = preSolution
		Debug|x64 = Debug|x64
		Debug|x86 = Debug|x86
		Release|x64 = Release|x64
		Release|x86 = Release|x86
	EndGlobalSection
	GlobalSection(ProjectConfigurationPlatforms) = postSolution
		{AA03B77E-BA63-4D1B-8EA0-5F95F2BB524A}.Debug|x64.ActiveCfg = Debug|x64
		{AA03B77E-BA63-4D1B-8EA0-5F95F2BB524A}.Debug|x64.Build.0 = Debug|x64
		{AA03B77E-BA63-4D1B-8EA0-5F95F2BB524A}.Debug|x86.ActiveCfg = Debug|Win32
		{AA03B77E-BA63-4D1B-8EA0-5F95F2BB524A}.Debug|x86.Build.0 = Debug|Win32
		{AA03B77E-BA63-4D1B-8EA0-5F95F2BB524A}.Release|x64.ActiveCfg = Release|x64
		{AA03B77E-BA63-4D1B-8EA0-5F95F2BB524A}.Release|x64.Build.0 = Release|x64
		{AA03B77E-BA63-4D1B-8EA0-5F95F2BB524A}.Release|x86.ActiveCfg = Release|Win32
		{AA03B77E-BA63-4D1B-8EA0-5F95F2BB524A}.Release|x86.Build.0 = Release|Win32
	EndGlobalSection
	GlobalSection(SolutionProperties) = preSolution
		HideSolutionNode = FALSE
	EndGlobalSection
	GlobalSection(ExtensibilityGlobals) = postSolution
		SolutionGuid = {565637D7-18CD-40B7-84A0-BF3C6F501AEA}
	EndGlobalSection
EndGlobal
