
Microsoft Visual Studio Solution File, Format Version 12.00
# Visual Studio Version 16
VisualStudioVersion = 16.0.29609.76
MinimumVisualStudioVersion = 10.0.40219.1
Project("{8BC9CEB8-8B4A-11D0-8D11-00A0C91BC942}") = "220_Contains_Duplicate_III", "220_Contains_Duplicate_III\220_Contains_Duplicate_III.vcxproj", "{711AB3BD-57BF-4716-A76D-6DCC364164B7}"
EndProject
Global
	GlobalSection(SolutionConfigurationPlatforms) = preSolution
		Debug|x64 = Debug|x64
		Debug|x86 = Debug|x86
		Release|x64 = Release|x64
		Release|x86 = Release|x86
	EndGlobalSection
	GlobalSection(ProjectConfigurationPlatforms) = postSolution
		{711AB3BD-57BF-4716-A76D-6DCC364164B7}.Debug|x64.ActiveCfg = Debug|x64
		{711AB3BD-57BF-4716-A76D-6DCC364164B7}.Debug|x64.Build.0 = Debug|x64
		{711AB3BD-57BF-4716-A76D-6DCC364164B7}.Debug|x86.ActiveCfg = Debug|Win32
		{711AB3BD-57BF-4716-A76D-6DCC364164B7}.Debug|x86.Build.0 = Debug|Win32
		{711AB3BD-57BF-4716-A76D-6DCC364164B7}.Release|x64.ActiveCfg = Release|x64
		{711AB3BD-57BF-4716-A76D-6DCC364164B7}.Release|x64.Build.0 = Release|x64
		{711AB3BD-57BF-4716-A76D-6DCC364164B7}.Release|x86.ActiveCfg = Release|Win32
		{711AB3BD-57BF-4716-A76D-6DCC364164B7}.Release|x86.Build.0 = Release|Win32
	EndGlobalSection
	GlobalSection(SolutionProperties) = preSolution
		HideSolutionNode = FALSE
	EndGlobalSection
	GlobalSection(ExtensibilityGlobals) = postSolution
		SolutionGuid = {00586C43-60E9-4822-8909-EA08BDCC08FA}
	EndGlobalSection
EndGlobal
