
Microsoft Visual Studio Solution File, Format Version 12.00
# Visual Studio Version 16
VisualStudioVersion = 16.0.29209.62
MinimumVisualStudioVersion = 10.0.40219.1
Project("{8BC9CEB8-8B4A-11D0-8D11-00A0C91BC942}") = "204_Count_Primes", "204_Count_Primes\204_Count_Primes.vcxproj", "{D002633A-C1FA-48A0-8403-74BCDACE7EF8}"
EndProject
Global
	GlobalSection(SolutionConfigurationPlatforms) = preSolution
		Debug|x64 = Debug|x64
		Debug|x86 = Debug|x86
		Release|x64 = Release|x64
		Release|x86 = Release|x86
	EndGlobalSection
	GlobalSection(ProjectConfigurationPlatforms) = postSolution
		{D002633A-C1FA-48A0-8403-74BCDACE7EF8}.Debug|x64.ActiveCfg = Debug|x64
		{D002633A-C1FA-48A0-8403-74BCDACE7EF8}.Debug|x64.Build.0 = Debug|x64
		{D002633A-C1FA-48A0-8403-74BCDACE7EF8}.Debug|x86.ActiveCfg = Debug|Win32
		{D002633A-C1FA-48A0-8403-74BCDACE7EF8}.Debug|x86.Build.0 = Debug|Win32
		{D002633A-C1FA-48A0-8403-74BCDACE7EF8}.Release|x64.ActiveCfg = Release|x64
		{D002633A-C1FA-48A0-8403-74BCDACE7EF8}.Release|x64.Build.0 = Release|x64
		{D002633A-C1FA-48A0-8403-74BCDACE7EF8}.Release|x86.ActiveCfg = Release|Win32
		{D002633A-C1FA-48A0-8403-74BCDACE7EF8}.Release|x86.Build.0 = Release|Win32
	EndGlobalSection
	GlobalSection(SolutionProperties) = preSolution
		HideSolutionNode = FALSE
	EndGlobalSection
	GlobalSection(ExtensibilityGlobals) = postSolution
		SolutionGuid = {4B9799DA-DD1F-47FD-BF8A-55B4CD04ABB9}
	EndGlobalSection
EndGlobal
