
Microsoft Visual Studio Solution File, Format Version 12.00
# Visual Studio Version 16
VisualStudioVersion = 16.0.29209.62
MinimumVisualStudioVersion = 10.0.40219.1
Project("{8BC9CEB8-8B4A-11D0-8D11-00A0C91BC942}") = "257_Binary_Tree_Paths", "257_Binary_Tree_Paths\257_Binary_Tree_Paths.vcxproj", "{DBCAF8F6-2845-4F1D-B5B3-A50AFF7E0AA1}"
EndProject
Global
	GlobalSection(SolutionConfigurationPlatforms) = preSolution
		Debug|x64 = Debug|x64
		Debug|x86 = Debug|x86
		Release|x64 = Release|x64
		Release|x86 = Release|x86
	EndGlobalSection
	GlobalSection(ProjectConfigurationPlatforms) = postSolution
		{DBCAF8F6-2845-4F1D-B5B3-A50AFF7E0AA1}.Debug|x64.ActiveCfg = Debug|x64
		{DBCAF8F6-2845-4F1D-B5B3-A50AFF7E0AA1}.Debug|x64.Build.0 = Debug|x64
		{DBCAF8F6-2845-4F1D-B5B3-A50AFF7E0AA1}.Debug|x86.ActiveCfg = Debug|Win32
		{DBCAF8F6-2845-4F1D-B5B3-A50AFF7E0AA1}.Debug|x86.Build.0 = Debug|Win32
		{DBCAF8F6-2845-4F1D-B5B3-A50AFF7E0AA1}.Release|x64.ActiveCfg = Release|x64
		{DBCAF8F6-2845-4F1D-B5B3-A50AFF7E0AA1}.Release|x64.Build.0 = Release|x64
		{DBCAF8F6-2845-4F1D-B5B3-A50AFF7E0AA1}.Release|x86.ActiveCfg = Release|Win32
		{DBCAF8F6-2845-4F1D-B5B3-A50AFF7E0AA1}.Release|x86.Build.0 = Release|Win32
	EndGlobalSection
	GlobalSection(SolutionProperties) = preSolution
		HideSolutionNode = FALSE
	EndGlobalSection
	GlobalSection(ExtensibilityGlobals) = postSolution
		SolutionGuid = {F9FD2506-C032-4DD1-9DE7-58B84D207747}
	EndGlobalSection
EndGlobal
